
Microsoft Visual Studio Solution File, Format Version 12.00
# Visual Studio 14
VisualStudioVersion = 14.0.23107.0
MinimumVisualStudioVersion = 10.0.40219.1
Project("{FAE04EC0-301F-11D3-BF4B-00C04F79EFBC}") = "Lesschat.Plugins.MSBuildLogger", "Lesschat.Plugins.MSBuildLogger\Lesschat.Plugins.MSBuildLogger.csproj", "{8DFFD934-0185-4A64-B8AD-5ACC4299E221}"
EndProject
Project("{2150E333-8FDC-42A3-9474-1A3956D46DE8}") = ".output", ".output", "{8DD1F37A-E6F5-42C1-B3B6-DBF4260B5BCA}"
EndProject
Global
	GlobalSection(SolutionConfigurationPlatforms) = preSolution
		Debug|Any CPU = Debug|Any CPU
		Release|Any CPU = Release|Any CPU
	EndGlobalSection
	GlobalSection(ProjectConfigurationPlatforms) = postSolution
		{8DFFD934-0185-4A64-B8AD-5ACC4299E221}.Debug|Any CPU.ActiveCfg = Debug|Any CPU
		{8DFFD934-0185-4A64-B8AD-5ACC4299E221}.Debug|Any CPU.Build.0 = Debug|Any CPU
		{8DFFD934-0185-4A64-B8AD-5ACC4299E221}.Release|Any CPU.ActiveCfg = Release|Any CPU
		{8DFFD934-0185-4A64-B8AD-5ACC4299E221}.Release|Any CPU.Build.0 = Release|Any CPU
	EndGlobalSection
	GlobalSection(SolutionProperties) = preSolution
		HideSolutionNode = FALSE
	EndGlobalSection
EndGlobal
